// !$*UTF8*$!
{
	archiveVersion = 1;
	classes = {
	};
	objectVersion = 46;
	objects = {

/* Begin PBXBuildFile section */
		2F6B4CC518869DD9000D8591 /* Foundation.framework in Frameworks */ = {isa = PBXBuildFile; fileRef = 2F6B4CC418869DD9000D8591 /* Foundation.framework */; };
		2F6B4CC718869DD9000D8591 /* CoreGraphics.framework in Frameworks */ = {isa = PBXBuildFile; fileRef = 2F6B4CC618869DD9000D8591 /* CoreGraphics.framework */; };
		2F6B4CC918869DD9000D8591 /* UIKit.framework in Frameworks */ = {isa = PBXBuildFile; fileRef = 2F6B4CC818869DD9000D8591 /* UIKit.framework */; };
		2F6B4CCF18869DD9000D8591 /* InfoPlist.strings in Resources */ = {isa = PBXBuildFile; fileRef = 2F6B4CCD18869DD9000D8591 /* InfoPlist.strings */; };
		2F6B4CD118869DD9000D8591 /* main.m in Sources */ = {isa = PBXBuildFile; fileRef = 2F6B4CD018869DD9000D8591 /* main.m */; };
		2F6B4CD518869DD9000D8591 /* TRIAppDelegate.m in Sources */ = {isa = PBXBuildFile; fileRef = 2F6B4CD418869DD9000D8591 /* TRIAppDelegate.m */; };
		2F6B4CD718869DD9000D8591 /* Images.xcassets in Resources */ = {isa = PBXBuildFile; fileRef = 2F6B4CD618869DD9000D8591 /* Images.xcassets */; };
		2F6B4CDE18869DD9000D8591 /* XCTest.framework in Frameworks */ = {isa = PBXBuildFile; fileRef = 2F6B4CDD18869DD9000D8591 /* XCTest.framework */; };
		2F6B4CDF18869DD9000D8591 /* Foundation.framework in Frameworks */ = {isa = PBXBuildFile; fileRef = 2F6B4CC418869DD9000D8591 /* Foundation.framework */; };
		2F6B4CE018869DD9000D8591 /* UIKit.framework in Frameworks */ = {isa = PBXBuildFile; fileRef = 2F6B4CC818869DD9000D8591 /* UIKit.framework */; };
		2F6B4CE818869DD9000D8591 /* InfoPlist.strings in Resources */ = {isa = PBXBuildFile; fileRef = 2F6B4CE618869DD9000D8591 /* InfoPlist.strings */; };
		2F6B4CEA18869DD9000D8591 /* TribbbleTests.m in Sources */ = {isa = PBXBuildFile; fileRef = 2F6B4CE918869DD9000D8591 /* TribbbleTests.m */; };
		2F898AD018869EE900E9E8F1 /* TRIShotsViewController.m in Sources */ = {isa = PBXBuildFile; fileRef = 2F898ACF18869EE900E9E8F1 /* TRIShotsViewController.m */; };
		2F898AD71886A32600E9E8F1 /* TRIShotsCollectionViewCell.m in Sources */ = {isa = PBXBuildFile; fileRef = 2F898AD61886A32600E9E8F1 /* TRIShotsCollectionViewCell.m */; };
		2F898ADB1886A4B500E9E8F1 /* TRIShotDetailViewController.m in Sources */ = {isa = PBXBuildFile; fileRef = 2F898ADA1886A4B500E9E8F1 /* TRIShotDetailViewController.m */; };
		2F898AEA1886B1B900E9E8F1 /* debuts@2x.png in Resources */ = {isa = PBXBuildFile; fileRef = 2F898AE51886B1B900E9E8F1 /* debuts@2x.png */; };
		2F898AEB1886B1B900E9E8F1 /* everyone@2x.png in Resources */ = {isa = PBXBuildFile; fileRef = 2F898AE61886B1B900E9E8F1 /* everyone@2x.png */; };
		2F898AEC1886B1B900E9E8F1 /* following@2x.png in Resources */ = {isa = PBXBuildFile; fileRef = 2F898AE71886B1B900E9E8F1 /* following@2x.png */; };
		2F898AED1886B1B900E9E8F1 /* popular@2x.png in Resources */ = {isa = PBXBuildFile; fileRef = 2F898AE81886B1B900E9E8F1 /* popular@2x.png */; };
		2F898AEE1886B1B900E9E8F1 /* setting@2x.png in Resources */ = {isa = PBXBuildFile; fileRef = 2F898AE91886B1B900E9E8F1 /* setting@2x.png */; };
		2F898B011886BF3200E9E8F1 /* TRISettingTableViewController.m in Sources */ = {isa = PBXBuildFile; fileRef = 2F898B001886BF3200E9E8F1 /* TRISettingTableViewController.m */; };
		2F898B041886C2B400E9E8F1 /* TRIFeedsTableViewController.m in Sources */ = {isa = PBXBuildFile; fileRef = 2F898B031886C2B400E9E8F1 /* TRIFeedsTableViewController.m */; };
		2F898B071886C3CC00E9E8F1 /* TRIShotsTableViewCell.m in Sources */ = {isa = PBXBuildFile; fileRef = 2F898B061886C3CC00E9E8F1 /* TRIShotsTableViewCell.m */; };
		2FB8ACA71886E6E700646C99 /* TRICommentTableViewCell.m in Sources */ = {isa = PBXBuildFile; fileRef = 2FB8ACA61886E6E700646C99 /* TRICommentTableViewCell.m */; };
		2FB8ACA91888260800646C99 /* placeholder@2x.png in Resources */ = {isa = PBXBuildFile; fileRef = 2FB8ACA81888260800646C99 /* placeholder@2x.png */; };
		7C6E7550825C47C88BFD08C2 /* libPods.a in Frameworks */ = {isa = PBXBuildFile; fileRef = 8CA7808F72FF456ABDAF6B8A /* libPods.a */; };
/* End PBXBuildFile section */

/* Begin PBXContainerItemProxy section */
		2F6B4CE118869DD9000D8591 /* PBXContainerItemProxy */ = {
			isa = PBXContainerItemProxy;
			containerPortal = 2F6B4CB918869DD9000D8591 /* Project object */;
			proxyType = 1;
			remoteGlobalIDString = 2F6B4CC018869DD9000D8591;
			remoteInfo = Tribbble;
		};
/* End PBXContainerItemProxy section */

/* Begin PBXFileReference section */
		2F6B4CC118869DD9000D8591 /* Tribbble.app */ = {isa = PBXFileReference; explicitFileType = wrapper.application; includeInIndex = 0; path = Tribbble.app; sourceTree = BUILT_PRODUCTS_DIR; };
		2F6B4CC418869DD9000D8591 /* Foundation.framework */ = {isa = PBXFileReference; lastKnownFileType = wrapper.framework; name = Foundation.framework; path = System/Library/Frameworks/Foundation.framework; sourceTree = SDKROOT; };
		2F6B4CC618869DD9000D8591 /* CoreGraphics.framework */ = {isa = PBXFileReference; lastKnownFileType = wrapper.framework; name = CoreGraphics.framework; path = System/Library/Frameworks/CoreGraphics.framework; sourceTree = SDKROOT; };
		2F6B4CC818869DD9000D8591 /* UIKit.framework */ = {isa = PBXFileReference; lastKnownFileType = wrapper.framework; name = UIKit.framework; path = System/Library/Frameworks/UIKit.framework; sourceTree = SDKROOT; };
		2F6B4CCC18869DD9000D8591 /* Tribbble-Info.plist */ = {isa = PBXFileReference; lastKnownFileType = text.plist.xml; path = "Tribbble-Info.plist"; sourceTree = "<group>"; };
		2F6B4CCE18869DD9000D8591 /* en */ = {isa = PBXFileReference; lastKnownFileType = text.plist.strings; name = en; path = en.lproj/InfoPlist.strings; sourceTree = "<group>"; };
		2F6B4CD018869DD9000D8591 /* main.m */ = {isa = PBXFileReference; lastKnownFileType = sourcecode.c.objc; path = main.m; sourceTree = "<group>"; };
		2F6B4CD218869DD9000D8591 /* Tribbble-Prefix.pch */ = {isa = PBXFileReference; lastKnownFileType = sourcecode.c.h; path = "Tribbble-Prefix.pch"; sourceTree = "<group>"; };
		2F6B4CD318869DD9000D8591 /* TRIAppDelegate.h */ = {isa = PBXFileReference; lastKnownFileType = sourcecode.c.h; path = TRIAppDelegate.h; sourceTree = "<group>"; };
		2F6B4CD418869DD9000D8591 /* TRIAppDelegate.m */ = {isa = PBXFileReference; lastKnownFileType = sourcecode.c.objc; path = TRIAppDelegate.m; sourceTree = "<group>"; };
		2F6B4CD618869DD9000D8591 /* Images.xcassets */ = {isa = PBXFileReference; lastKnownFileType = folder.assetcatalog; path = Images.xcassets; sourceTree = "<group>"; };
		2F6B4CDC18869DD9000D8591 /* TribbbleTests.xctest */ = {isa = PBXFileReference; explicitFileType = wrapper.cfbundle; includeInIndex = 0; path = TribbbleTests.xctest; sourceTree = BUILT_PRODUCTS_DIR; };
		2F6B4CDD18869DD9000D8591 /* XCTest.framework */ = {isa = PBXFileReference; lastKnownFileType = wrapper.framework; name = XCTest.framework; path = Library/Frameworks/XCTest.framework; sourceTree = DEVELOPER_DIR; };
		2F6B4CE518869DD9000D8591 /* TribbbleTests-Info.plist */ = {isa = PBXFileReference; lastKnownFileType = text.plist.xml; path = "TribbbleTests-Info.plist"; sourceTree = "<group>"; };
		2F6B4CE718869DD9000D8591 /* en */ = {isa = PBXFileReference; lastKnownFileType = text.plist.strings; name = en; path = en.lproj/InfoPlist.strings; sourceTree = "<group>"; };
		2F6B4CE918869DD9000D8591 /* TribbbleTests.m */ = {isa = PBXFileReference; lastKnownFileType = sourcecode.c.objc; path = TribbbleTests.m; sourceTree = "<group>"; };
		2F898ACE18869EE900E9E8F1 /* TRIShotsViewController.h */ = {isa = PBXFileReference; fileEncoding = 4; lastKnownFileType = sourcecode.c.h; name = TRIShotsViewController.h; path = Controllers/TRIShotsViewController.h; sourceTree = "<group>"; };
		2F898ACF18869EE900E9E8F1 /* TRIShotsViewController.m */ = {isa = PBXFileReference; fileEncoding = 4; lastKnownFileType = sourcecode.c.objc; name = TRIShotsViewController.m; path = Controllers/TRIShotsViewController.m; sourceTree = "<group>"; };
		2F898AD51886A32600E9E8F1 /* TRIShotsCollectionViewCell.h */ = {isa = PBXFileReference; fileEncoding = 4; lastKnownFileType = sourcecode.c.h; name = TRIShotsCollectionViewCell.h; path = Views/TRIShotsCollectionViewCell.h; sourceTree = "<group>"; };
		2F898AD61886A32600E9E8F1 /* TRIShotsCollectionViewCell.m */ = {isa = PBXFileReference; fileEncoding = 4; lastKnownFileType = sourcecode.c.objc; name = TRIShotsCollectionViewCell.m; path = Views/TRIShotsCollectionViewCell.m; sourceTree = "<group>"; };
		2F898AD91886A4B500E9E8F1 /* TRIShotDetailViewController.h */ = {isa = PBXFileReference; fileEncoding = 4; lastKnownFileType = sourcecode.c.h; name = TRIShotDetailViewController.h; path = Controllers/TRIShotDetailViewController.h; sourceTree = "<group>"; };
		2F898ADA1886A4B500E9E8F1 /* TRIShotDetailViewController.m */ = {isa = PBXFileReference; fileEncoding = 4; lastKnownFileType = sourcecode.c.objc; name = TRIShotDetailViewController.m; path = Controllers/TRIShotDetailViewController.m; sourceTree = "<group>"; };
		2F898AE51886B1B900E9E8F1 /* debuts@2x.png */ = {isa = PBXFileReference; lastKnownFileType = image.png; path = "debuts@2x.png"; sourceTree = "<group>"; };
		2F898AE61886B1B900E9E8F1 /* everyone@2x.png */ = {isa = PBXFileReference; lastKnownFileType = image.png; path = "everyone@2x.png"; sourceTree = "<group>"; };
		2F898AE71886B1B900E9E8F1 /* following@2x.png */ = {isa = PBXFileReference; lastKnownFileType = image.png; path = "following@2x.png"; sourceTree = "<group>"; };
		2F898AE81886B1B900E9E8F1 /* popular@2x.png */ = {isa = PBXFileReference; lastKnownFileType = image.png; path = "popular@2x.png"; sourceTree = "<group>"; };
		2F898AE91886B1B900E9E8F1 /* setting@2x.png */ = {isa = PBXFileReference; lastKnownFileType = image.png; path = "setting@2x.png"; sourceTree = "<group>"; };
		2F898AFF1886BF3200E9E8F1 /* TRISettingTableViewController.h */ = {isa = PBXFileReference; fileEncoding = 4; lastKnownFileType = sourcecode.c.h; name = TRISettingTableViewController.h; path = Controllers/TRISettingTableViewController.h; sourceTree = "<group>"; };
		2F898B001886BF3200E9E8F1 /* TRISettingTableViewController.m */ = {isa = PBXFileReference; fileEncoding = 4; lastKnownFileType = sourcecode.c.objc; name = TRISettingTableViewController.m; path = Controllers/TRISettingTableViewController.m; sourceTree = "<group>"; };
		2F898B021886C2B400E9E8F1 /* TRIFeedsTableViewController.h */ = {isa = PBXFileReference; fileEncoding = 4; lastKnownFileType = sourcecode.c.h; name = TRIFeedsTableViewController.h; path = Controllers/TRIFeedsTableViewController.h; sourceTree = "<group>"; };
		2F898B031886C2B400E9E8F1 /* TRIFeedsTableViewController.m */ = {isa = PBXFileReference; fileEncoding = 4; lastKnownFileType = sourcecode.c.objc; name = TRIFeedsTableViewController.m; path = Controllers/TRIFeedsTableViewController.m; sourceTree = "<group>"; };
		2F898B051886C3CC00E9E8F1 /* TRIShotsTableViewCell.h */ = {isa = PBXFileReference; fileEncoding = 4; lastKnownFileType = sourcecode.c.h; name = TRIShotsTableViewCell.h; path = Views/TRIShotsTableViewCell.h; sourceTree = "<group>"; };
		2F898B061886C3CC00E9E8F1 /* TRIShotsTableViewCell.m */ = {isa = PBXFileReference; fileEncoding = 4; lastKnownFileType = sourcecode.c.objc; name = TRIShotsTableViewCell.m; path = Views/TRIShotsTableViewCell.m; sourceTree = "<group>"; };
		2FB8ACA51886E6E700646C99 /* TRICommentTableViewCell.h */ = {isa = PBXFileReference; fileEncoding = 4; lastKnownFileType = sourcecode.c.h; name = TRICommentTableViewCell.h; path = Views/TRICommentTableViewCell.h; sourceTree = "<group>"; };
		2FB8ACA61886E6E700646C99 /* TRICommentTableViewCell.m */ = {isa = PBXFileReference; fileEncoding = 4; lastKnownFileType = sourcecode.c.objc; name = TRICommentTableViewCell.m; path = Views/TRICommentTableViewCell.m; sourceTree = "<group>"; };
		2FB8ACA81888260800646C99 /* placeholder@2x.png */ = {isa = PBXFileReference; lastKnownFileType = image.png; path = "placeholder@2x.png"; sourceTree = "<group>"; };
		5020FE1AF71743C6A053A494 /* Pods.xcconfig */ = {isa = PBXFileReference; includeInIndex = 1; lastKnownFileType = text.xcconfig; name = Pods.xcconfig; path = Pods/Pods.xcconfig; sourceTree = "<group>"; };
		8CA7808F72FF456ABDAF6B8A /* libPods.a */ = {isa = PBXFileReference; explicitFileType = archive.ar; includeInIndex = 0; path = libPods.a; sourceTree = BUILT_PRODUCTS_DIR; };
/* End PBXFileReference section */

/* Begin PBXFrameworksBuildPhase section */
		2F6B4CBE18869DD9000D8591 /* Frameworks */ = {
			isa = PBXFrameworksBuildPhase;
			buildActionMask = 2147483647;
			files = (
				2F6B4CC718869DD9000D8591 /* CoreGraphics.framework in Frameworks */,
				2F6B4CC918869DD9000D8591 /* UIKit.framework in Frameworks */,
				2F6B4CC518869DD9000D8591 /* Foundation.framework in Frameworks */,
				7C6E7550825C47C88BFD08C2 /* libPods.a in Frameworks */,
			);
			runOnlyForDeploymentPostprocessing = 0;
		};
		2F6B4CD918869DD9000D8591 /* Frameworks */ = {
			isa = PBXFrameworksBuildPhase;
			buildActionMask = 2147483647;
			files = (
				2F6B4CDE18869DD9000D8591 /* XCTest.framework in Frameworks */,
				2F6B4CE018869DD9000D8591 /* UIKit.framework in Frameworks */,
				2F6B4CDF18869DD9000D8591 /* Foundation.framework in Frameworks */,
			);
			runOnlyForDeploymentPostprocessing = 0;
		};
/* End PBXFrameworksBuildPhase section */

/* Begin PBXGroup section */
		2F6B4CB818869DD9000D8591 = {
			isa = PBXGroup;
			children = (
				2F6B4CCA18869DD9000D8591 /* Tribbble */,
				2F6B4CE318869DD9000D8591 /* TribbbleTests */,
				2F6B4CC318869DD9000D8591 /* Frameworks */,
				2F6B4CC218869DD9000D8591 /* Products */,
				5020FE1AF71743C6A053A494 /* Pods.xcconfig */,
			);
			sourceTree = "<group>";
		};
		2F6B4CC218869DD9000D8591 /* Products */ = {
			isa = PBXGroup;
			children = (
				2F6B4CC118869DD9000D8591 /* Tribbble.app */,
				2F6B4CDC18869DD9000D8591 /* TribbbleTests.xctest */,
			);
			name = Products;
			sourceTree = "<group>";
		};
		2F6B4CC318869DD9000D8591 /* Frameworks */ = {
			isa = PBXGroup;
			children = (
				2F6B4CC418869DD9000D8591 /* Foundation.framework */,
				2F6B4CC618869DD9000D8591 /* CoreGraphics.framework */,
				2F6B4CC818869DD9000D8591 /* UIKit.framework */,
				2F6B4CDD18869DD9000D8591 /* XCTest.framework */,
				8CA7808F72FF456ABDAF6B8A /* libPods.a */,
			);
			name = Frameworks;
			sourceTree = "<group>";
		};
		2F6B4CCA18869DD9000D8591 /* Tribbble */ = {
			isa = PBXGroup;
			children = (
				2F898ADE1886AE0F00E9E8F1 /* Images */,
				2F898AD81886A32C00E9E8F1 /* Views */,
				2F898AD118869EF700E9E8F1 /* Controllers */,
				2F6B4CD318869DD9000D8591 /* TRIAppDelegate.h */,
				2F6B4CD418869DD9000D8591 /* TRIAppDelegate.m */,
				2F6B4CD618869DD9000D8591 /* Images.xcassets */,
				2F6B4CCB18869DD9000D8591 /* Supporting Files */,
			);
			path = Tribbble;
			sourceTree = "<group>";
		};
		2F6B4CCB18869DD9000D8591 /* Supporting Files */ = {
			isa = PBXGroup;
			children = (
				2F6B4CCC18869DD9000D8591 /* Tribbble-Info.plist */,
				2F6B4CCD18869DD9000D8591 /* InfoPlist.strings */,
				2F6B4CD018869DD9000D8591 /* main.m */,
				2F6B4CD218869DD9000D8591 /* Tribbble-Prefix.pch */,
			);
			name = "Supporting Files";
			sourceTree = "<group>";
		};
		2F6B4CE318869DD9000D8591 /* TribbbleTests */ = {
			isa = PBXGroup;
			children = (
				2F6B4CE918869DD9000D8591 /* TribbbleTests.m */,
				2F6B4CE418869DD9000D8591 /* Supporting Files */,
			);
			path = TribbbleTests;
			sourceTree = "<group>";
		};
		2F6B4CE418869DD9000D8591 /* Supporting Files */ = {
			isa = PBXGroup;
			children = (
				2F6B4CE518869DD9000D8591 /* TribbbleTests-Info.plist */,
				2F6B4CE618869DD9000D8591 /* InfoPlist.strings */,
			);
			name = "Supporting Files";
			sourceTree = "<group>";
		};
		2F898AD118869EF700E9E8F1 /* Controllers */ = {
			isa = PBXGroup;
			children = (
				2F898ACE18869EE900E9E8F1 /* TRIShotsViewController.h */,
				2F898ACF18869EE900E9E8F1 /* TRIShotsViewController.m */,
				2F898B021886C2B400E9E8F1 /* TRIFeedsTableViewController.h */,
				2F898B031886C2B400E9E8F1 /* TRIFeedsTableViewController.m */,
				2F898AD91886A4B500E9E8F1 /* TRIShotDetailViewController.h */,
				2F898ADA1886A4B500E9E8F1 /* TRIShotDetailViewController.m */,
				2F898AFF1886BF3200E9E8F1 /* TRISettingTableViewController.h */,
				2F898B001886BF3200E9E8F1 /* TRISettingTableViewController.m */,
			);
			name = Controllers;
			sourceTree = "<group>";
		};
		2F898AD81886A32C00E9E8F1 /* Views */ = {
			isa = PBXGroup;
			children = (
				2F898AD51886A32600E9E8F1 /* TRIShotsCollectionViewCell.h */,
				2F898AD61886A32600E9E8F1 /* TRIShotsCollectionViewCell.m */,
				2F898B051886C3CC00E9E8F1 /* TRIShotsTableViewCell.h */,
				2F898B061886C3CC00E9E8F1 /* TRIShotsTableViewCell.m */,
				2FB8ACA51886E6E700646C99 /* TRICommentTableViewCell.h */,
				2FB8ACA61886E6E700646C99 /* TRICommentTableViewCell.m */,
			);
			name = Views;
			sourceTree = "<group>";
		};
		2F898ADE1886AE0F00E9E8F1 /* Images */ = {
			isa = PBXGroup;
			children = (
				2F898AE51886B1B900E9E8F1 /* debuts@2x.png */,
				2FB8ACA81888260800646C99 /* placeholder@2x.png */,
				2F898AE61886B1B900E9E8F1 /* everyone@2x.png */,
				2F898AE71886B1B900E9E8F1 /* following@2x.png */,
				2F898AE81886B1B900E9E8F1 /* popular@2x.png */,
				2F898AE91886B1B900E9E8F1 /* setting@2x.png */,
			);
			name = Images;
			sourceTree = "<group>";
		};
/* End PBXGroup section */

/* Begin PBXNativeTarget section */
		2F6B4CC018869DD9000D8591 /* Tribbble */ = {
			isa = PBXNativeTarget;
			buildConfigurationList = 2F6B4CED18869DD9000D8591 /* Build configuration list for PBXNativeTarget "Tribbble" */;
			buildPhases = (
				101D9102DF184DC9AB22181D /* Check Pods Manifest.lock */,
				2F6B4CBD18869DD9000D8591 /* Sources */,
				2F6B4CBE18869DD9000D8591 /* Frameworks */,
				2F6B4CBF18869DD9000D8591 /* Resources */,
				A958974665894BFB857C4B0F /* Copy Pods Resources */,
			);
			buildRules = (
			);
			dependencies = (
			);
			name = Tribbble;
			productName = Tribbble;
			productReference = 2F6B4CC118869DD9000D8591 /* Tribbble.app */;
			productType = "com.apple.product-type.application";
		};
		2F6B4CDB18869DD9000D8591 /* TribbbleTests */ = {
			isa = PBXNativeTarget;
			buildConfigurationList = 2F6B4CF018869DD9000D8591 /* Build configuration list for PBXNativeTarget "TribbbleTests" */;
			buildPhases = (
				2F6B4CD818869DD9000D8591 /* Sources */,
				2F6B4CD918869DD9000D8591 /* Frameworks */,
				2F6B4CDA18869DD9000D8591 /* Resources */,
			);
			buildRules = (
			);
			dependencies = (
				2F6B4CE218869DD9000D8591 /* PBXTargetDependency */,
			);
			name = TribbbleTests;
			productName = TribbbleTests;
			productReference = 2F6B4CDC18869DD9000D8591 /* TribbbleTests.xctest */;
			productType = "com.apple.product-type.bundle.unit-test";
		};
/* End PBXNativeTarget section */

/* Begin PBXProject section */
		2F6B4CB918869DD9000D8591 /* Project object */ = {
			isa = PBXProject;
			attributes = {
				CLASSPREFIX = TRI;
				LastUpgradeCheck = 0510;
				ORGANIZATIONNAME = "Zihua Li";
				TargetAttributes = {
					2F6B4CDB18869DD9000D8591 = {
						TestTargetID = 2F6B4CC018869DD9000D8591;
					};
				};
			};
			buildConfigurationList = 2F6B4CBC18869DD9000D8591 /* Build configuration list for PBXProject "Tribbble" */;
			compatibilityVersion = "Xcode 3.2";
			developmentRegion = English;
			hasScannedForEncodings = 0;
			knownRegions = (
				en,
			);
			mainGroup = 2F6B4CB818869DD9000D8591;
			productRefGroup = 2F6B4CC218869DD9000D8591 /* Products */;
			projectDirPath = "";
			projectRoot = "";
			targets = (
				2F6B4CC018869DD9000D8591 /* Tribbble */,
				2F6B4CDB18869DD9000D8591 /* TribbbleTests */,
			);
		};
/* End PBXProject section */

/* Begin PBXResourcesBuildPhase section */
		2F6B4CBF18869DD9000D8591 /* Resources */ = {
			isa = PBXResourcesBuildPhase;
			buildActionMask = 2147483647;
			files = (
				2F6B4CCF18869DD9000D8591 /* InfoPlist.strings in Resources */,
				2F898AEB1886B1B900E9E8F1 /* everyone@2x.png in Resources */,
				2F898AEE1886B1B900E9E8F1 /* setting@2x.png in Resources */,
				2F898AED1886B1B900E9E8F1 /* popular@2x.png in Resources */,
				2F6B4CD718869DD9000D8591 /* Images.xcassets in Resources */,
				2FB8ACA91888260800646C99 /* placeholder@2x.png in Resources */,
				2F898AEA1886B1B900E9E8F1 /* debuts@2x.png in Resources */,
				2F898AEC1886B1B900E9E8F1 /* following@2x.png in Resources */,
			);
			runOnlyForDeploymentPostprocessing = 0;
		};
		2F6B4CDA18869DD9000D8591 /* Resources */ = {
			isa = PBXResourcesBuildPhase;
			buildActionMask = 2147483647;
			files = (
				2F6B4CE818869DD9000D8591 /* InfoPlist.strings in Resources */,
			);
			runOnlyForDeploymentPostprocessing = 0;
		};
/* End PBXResourcesBuildPhase section */

/* Begin PBXShellScriptBuildPhase section */
		101D9102DF184DC9AB22181D /* Check Pods Manifest.lock */ = {
			isa = PBXShellScriptBuildPhase;
			buildActionMask = 2147483647;
			files = (
			);
			inputPaths = (
			);
			name = "Check Pods Manifest.lock";
			outputPaths = (
			);
			runOnlyForDeploymentPostprocessing = 0;
			shellPath = /bin/sh;
			shellScript = "diff \"${PODS_ROOT}/../Podfile.lock\" \"${PODS_ROOT}/Manifest.lock\" > /dev/null\nif [[ $? != 0 ]] ; then\n    cat << EOM\nerror: The sandbox is not in sync with the Podfile.lock. Run 'pod install' or update your CocoaPods installation.\nEOM\n    exit 1\nfi\n";
			showEnvVarsInLog = 0;
		};
		A958974665894BFB857C4B0F /* Copy Pods Resources */ = {
			isa = PBXShellScriptBuildPhase;
			buildActionMask = 2147483647;
			files = (
			);
			inputPaths = (
			);
			name = "Copy Pods Resources";
			outputPaths = (
			);
			runOnlyForDeploymentPostprocessing = 0;
			shellPath = /bin/sh;
			shellScript = "\"${SRCROOT}/Pods/Pods-resources.sh\"\n";
			showEnvVarsInLog = 0;
		};
/* End PBXShellScriptBuildPhase section */

/* Begin PBXSourcesBuildPhase section */
		2F6B4CBD18869DD9000D8591 /* Sources */ = {
			isa = PBXSourcesBuildPhase;
			buildActionMask = 2147483647;
			files = (
				2F898AD71886A32600E9E8F1 /* TRIShotsCollectionViewCell.m in Sources */,
				2F898AD018869EE900E9E8F1 /* TRIShotsViewController.m in Sources */,
				2F898ADB1886A4B500E9E8F1 /* TRIShotDetailViewController.m in Sources */,
				2F6B4CD518869DD9000D8591 /* TRIAppDelegate.m in Sources */,
				2F898B041886C2B400E9E8F1 /* TRIFeedsTableViewController.m in Sources */,
				2F898B071886C3CC00E9E8F1 /* TRIShotsTableViewCell.m in Sources */,
				2F6B4CD118869DD9000D8591 /* main.m in Sources */,
				2FB8ACA71886E6E700646C99 /* TRICommentTableViewCell.m in Sources */,
				2F898B011886BF3200E9E8F1 /* TRISettingTableViewController.m in Sources */,
			);
			runOnlyForDeploymentPostprocessing = 0;
		};
		2F6B4CD818869DD9000D8591 /* Sources */ = {
			isa = PBXSourcesBuildPhase;
			buildActionMask = 2147483647;
			files = (
				2F6B4CEA18869DD9000D8591 /* TribbbleTests.m in Sources */,
			);
			runOnlyForDeploymentPostprocessing = 0;
		};
/* End PBXSourcesBuildPhase section */

/* Begin PBXTargetDependency section */
		2F6B4CE218869DD9000D8591 /* PBXTargetDependency */ = {
			isa = PBXTargetDependency;
			target = 2F6B4CC018869DD9000D8591 /* Tribbble */;
			targetProxy = 2F6B4CE118869DD9000D8591 /* PBXContainerItemProxy */;
		};
/* End PBXTargetDependency section */

/* Begin PBXVariantGroup section */
		2F6B4CCD18869DD9000D8591 /* InfoPlist.strings */ = {
			isa = PBXVariantGroup;
			children = (
				2F6B4CCE18869DD9000D8591 /* en */,
			);
			name = InfoPlist.strings;
			sourceTree = "<group>";
		};
		2F6B4CE618869DD9000D8591 /* InfoPlist.strings */ = {
			isa = PBXVariantGroup;
			children = (
				2F6B4CE718869DD9000D8591 /* en */,
			);
			name = InfoPlist.strings;
			sourceTree = "<group>";
		};
/* End PBXVariantGroup section */

/* Begin XCBuildConfiguration section */
		2F6B4CEB18869DD9000D8591 /* Debug */ = {
			isa = XCBuildConfiguration;
			buildSettings = {
				ALWAYS_SEARCH_USER_PATHS = NO;
				ARCHS = "$(ARCHS_STANDARD_INCLUDING_64_BIT)";
				CLANG_CXX_LANGUAGE_STANDARD = "gnu++0x";
				CLANG_CXX_LIBRARY = "libc++";
				CLANG_ENABLE_MODULES = YES;
				CLANG_ENABLE_OBJC_ARC = YES;
				CLANG_WARN_BOOL_CONVERSION = YES;
				CLANG_WARN_CONSTANT_CONVERSION = YES;
				CLANG_WARN_DIRECT_OBJC_ISA_USAGE = YES_ERROR;
				CLANG_WARN_EMPTY_BODY = YES;
				CLANG_WARN_ENUM_CONVERSION = YES;
				CLANG_WARN_INT_CONVERSION = YES;
				CLANG_WARN_OBJC_ROOT_CLASS = YES_ERROR;
				CLANG_WARN__DUPLICATE_METHOD_MATCH = YES;
				"CODE_SIGN_IDENTITY[sdk=iphoneos*]" = "iPhone Developer";
				COPY_PHASE_STRIP = NO;
				GCC_C_LANGUAGE_STANDARD = gnu99;
				GCC_DYNAMIC_NO_PIC = NO;
				GCC_OPTIMIZATION_LEVEL = 0;
				GCC_PREPROCESSOR_DEFINITIONS = (
					"DEBUG=1",
					"$(inherited)",
				);
				GCC_SYMBOLS_PRIVATE_EXTERN = NO;
				GCC_WARN_64_TO_32_BIT_CONVERSION = YES;
				GCC_WARN_ABOUT_RETURN_TYPE = YES_ERROR;
				GCC_WARN_UNDECLARED_SELECTOR = YES;
				GCC_WARN_UNINITIALIZED_AUTOS = YES_AGGRESSIVE;
				GCC_WARN_UNUSED_FUNCTION = YES;
				GCC_WARN_UNUSED_VARIABLE = YES;
				IPHONEOS_DEPLOYMENT_TARGET = 7.1;
				ONLY_ACTIVE_ARCH = YES;
				SDKROOT = iphoneos;
			};
			name = Debug;
		};
		2F6B4CEC18869DD9000D8591 /* Release */ = {
			isa = XCBuildConfiguration;
			buildSettings = {
				ALWAYS_SEARCH_USER_PATHS = NO;
				ARCHS = "$(ARCHS_STANDARD_INCLUDING_64_BIT)";
				CLANG_CXX_LANGUAGE_STANDARD = "gnu++0x";
				CLANG_CXX_LIBRARY = "libc++";
				CLANG_ENABLE_MODULES = YES;
				CLANG_ENABLE_OBJC_ARC = YES;
				CLANG_WARN_BOOL_CONVERSION = YES;
				CLANG_WARN_CONSTANT_CONVERSION = YES;
				CLANG_WARN_DIRECT_OBJC_ISA_USAGE = YES_ERROR;
				CLANG_WARN_EMPTY_BODY = YES;
				CLANG_WARN_ENUM_CONVERSION = YES;
				CLANG_WARN_INT_CONVERSION = YES;
				CLANG_WARN_OBJC_ROOT_CLASS = YES_ERROR;
				CLANG_WARN__DUPLICATE_METHOD_MATCH = YES;
				"CODE_SIGN_IDENTITY[sdk=iphoneos*]" = "iPhone Developer";
				COPY_PHASE_STRIP = YES;
				ENABLE_NS_ASSERTIONS = NO;
				GCC_C_LANGUAGE_STANDARD = gnu99;
				GCC_WARN_64_TO_32_BIT_CONVERSION = YES;
				GCC_WARN_ABOUT_RETURN_TYPE = YES_ERROR;
				GCC_WARN_UNDECLARED_SELECTOR = YES;
				GCC_WARN_UNINITIALIZED_AUTOS = YES_AGGRESSIVE;
				GCC_WARN_UNUSED_FUNCTION = YES;
				GCC_WARN_UNUSED_VARIABLE = YES;
				IPHONEOS_DEPLOYMENT_TARGET = 7.1;
				SDKROOT = iphoneos;
				VALIDATE_PRODUCT = YES;
			};
			name = Release;
		};
		2F6B4CEE18869DD9000D8591 /* Debug */ = {
			isa = XCBuildConfiguration;
			baseConfigurationReference = 5020FE1AF71743C6A053A494 /* Pods.xcconfig */;
			buildSettings = {
				ASSETCATALOG_COMPILER_APPICON_NAME = AppIcon;
				ASSETCATALOG_COMPILER_LAUNCHIMAGE_NAME = LaunchImage;
				GCC_PRECOMPILE_PREFIX_HEADER = YES;
				GCC_PREFIX_HEADER = "Tribbble/Tribbble-Prefix.pch";
				INFOPLIST_FILE = "Tribbble/Tribbble-Info.plist";
				PRODUCT_NAME = "$(TARGET_NAME)";
				WRAPPER_EXTENSION = app;
			};
			name = Debug;
		};
		2F6B4CEF18869DD9000D8591 /* Release */ = {
			isa = XCBuildConfiguration;
			baseConfigurationReference = 5020FE1AF71743C6A053A494 /* Pods.xcconfig */;
			buildSettings = {
				ASSETCATALOG_COMPILER_APPICON_NAME = AppIcon;
				ASSETCATALOG_COMPILER_LAUNCHIMAGE_NAME = LaunchImage;
				GCC_PRECOMPILE_PREFIX_HEADER = YES;
				GCC_PREFIX_HEADER = "Tribbble/Tribbble-Prefix.pch";
				INFOPLIST_FILE = "Tribbble/Tribbble-Info.plist";
				PRODUCT_NAME = "$(TARGET_NAME)";
				WRAPPER_EXTENSION = app;
			};
			name = Release;
		};
		2F6B4CF118869DD9000D8591 /* Debug */ = {
			isa = XCBuildConfiguration;
			buildSettings = {
				ARCHS = "$(ARCHS_STANDARD_INCLUDING_64_BIT)";
				BUNDLE_LOADER = "$(BUILT_PRODUCTS_DIR)/Tribbble.app/Tribbble";
				FRAMEWORK_SEARCH_PATHS = (
					"$(SDKROOT)/Developer/Library/Frameworks",
					"$(inherited)",
					"$(DEVELOPER_FRAMEWORKS_DIR)",
				);
				GCC_PRECOMPILE_PREFIX_HEADER = YES;
				GCC_PREFIX_HEADER = "Tribbble/Tribbble-Prefix.pch";
				GCC_PREPROCESSOR_DEFINITIONS = (
					"DEBUG=1",
					"$(inherited)",
				);
				INFOPLIST_FILE = "TribbbleTests/TribbbleTests-Info.plist";
				PRODUCT_NAME = "$(TARGET_NAME)";
				TEST_HOST = "$(BUNDLE_LOADER)";
				WRAPPER_EXTENSION = xctest;
			};
			name = Debug;
		};
		2F6B4CF218869DD9000D8591 /* Release */ = {
			isa = XCBuildConfiguration;
			buildSettings = {
				ARCHS = "$(ARCHS_STANDARD_INCLUDING_64_BIT)";
				BUNDLE_LOADER = "$(BUILT_PRODUCTS_DIR)/Tribbble.app/Tribbble";
				FRAMEWORK_SEARCH_PATHS = (
					"$(SDKROOT)/Developer/Library/Frameworks",
					"$(inherited)",
					"$(DEVELOPER_FRAMEWORKS_DIR)",
				);
				GCC_PRECOMPILE_PREFIX_HEADER = YES;
				GCC_PREFIX_HEADER = "Tribbble/Tribbble-Prefix.pch";
				INFOPLIST_FILE = "TribbbleTests/TribbbleTests-Info.plist";
				PRODUCT_NAME = "$(TARGET_NAME)";
				TEST_HOST = "$(BUNDLE_LOADER)";
				WRAPPER_EXTENSION = xctest;
			};
			name = Release;
		};
/* End XCBuildConfiguration section */

/* Begin XCConfigurationList section */
		2F6B4CBC18869DD9000D8591 /* Build configuration list for PBXProject "Tribbble" */ = {
			isa = XCConfigurationList;
			buildConfigurations = (
				2F6B4CEB18869DD9000D8591 /* Debug */,
				2F6B4CEC18869DD9000D8591 /* Release */,
			);
			defaultConfigurationIsVisible = 0;
			defaultConfigurationName = Release;
		};
		2F6B4CED18869DD9000D8591 /* Build configuration list for PBXNativeTarget "Tribbble" */ = {
			isa = XCConfigurationList;
			buildConfigurations = (
				2F6B4CEE18869DD9000D8591 /* Debug */,
				2F6B4CEF18869DD9000D8591 /* Release */,
			);
			defaultConfigurationIsVisible = 0;
			defaultConfigurationName = Release;
		};
		2F6B4CF018869DD9000D8591 /* Build configuration list for PBXNativeTarget "TribbbleTests" */ = {
			isa = XCConfigurationList;
			buildConfigurations = (
				2F6B4CF118869DD9000D8591 /* Debug */,
				2F6B4CF218869DD9000D8591 /* Release */,
			);
			defaultConfigurationIsVisible = 0;
			defaultConfigurationName = Release;
		};
/* End XCConfigurationList section */
	};
	rootObject = 2F6B4CB918869DD9000D8591 /* Project object */;
}
